
Microsoft Visual Studio Solution File, Format Version 12.00
# Visual Studio Version 17
VisualStudioVersion = 17.3.32929.385
MinimumVisualStudioVersion = 10.0.40219.1
Project("{FAE04EC0-301F-11D3-BF4B-00C04F79EFBC}") = "Test-First", "Test-First\Test-First.csproj", "{905C3703-58A1-46F4-A6C2-C9974B280832}"
EndProject
Project("{FAE04EC0-301F-11D3-BF4B-00C04F79EFBC}") = "Test-First-Tests", "Test-First-Tests\Test-First-Tests.csproj", "{05A80C53-A873-4ECF-8A43-0E1CCD3A8969}"
EndProject
Global
	GlobalSection(SolutionConfigurationPlatforms) = preSolution
		Debug|Any CPU = Debug|Any CPU
		Release|Any CPU = Release|Any CPU
	EndGlobalSection
	GlobalSection(ProjectConfigurationPlatforms) = postSolution
		{905C3703-58A1-46F4-A6C2-C9974B280832}.Debug|Any CPU.ActiveCfg = Debug|Any CPU
		{905C3703-58A1-46F4-A6C2-C9974B280832}.Debug|Any CPU.Build.0 = Debug|Any CPU
		{905C3703-58A1-46F4-A6C2-C9974B280832}.Release|Any CPU.ActiveCfg = Release|Any CPU
		{905C3703-58A1-46F4-A6C2-C9974B280832}.Release|Any CPU.Build.0 = Release|Any CPU
		{05A80C53-A873-4ECF-8A43-0E1CCD3A8969}.Debug|Any CPU.ActiveCfg = Debug|Any CPU
		{05A80C53-A873-4ECF-8A43-0E1CCD3A8969}.Debug|Any CPU.Build.0 = Debug|Any CPU
		{05A80C53-A873-4ECF-8A43-0E1CCD3A8969}.Release|Any CPU.ActiveCfg = Release|Any CPU
		{05A80C53-A873-4ECF-8A43-0E1CCD3A8969}.Release|Any CPU.Build.0 = Release|Any CPU
	EndGlobalSection
	GlobalSection(SolutionProperties) = preSolution
		HideSolutionNode = FALSE
	EndGlobalSection
	GlobalSection(ExtensibilityGlobals) = postSolution
		SolutionGuid = {971DFD3E-5665-450A-8306-66F4854F9861}
	EndGlobalSection
EndGlobal
