
Microsoft Visual Studio Solution File, Format Version 12.00
# Visual Studio Version 17
VisualStudioVersion = 17.3.32929.385
MinimumVisualStudioVersion = 10.0.40219.1
Project("{FAE04EC0-301F-11D3-BF4B-00C04F79EFBC}") = "Steuern_Piccolotto_Livio", "Steuern_Piccolotto_Livio\Steuern_Piccolotto_Livio.csproj", "{D7C328D5-20FE-4263-9494-E31899383B91}"
EndProject
Global
	GlobalSection(SolutionConfigurationPlatforms) = preSolution
		Debug|Any CPU = Debug|Any CPU
		Release|Any CPU = Release|Any CPU
	EndGlobalSection
	GlobalSection(ProjectConfigurationPlatforms) = postSolution
		{D7C328D5-20FE-4263-9494-E31899383B91}.Debug|Any CPU.ActiveCfg = Debug|Any CPU
		{D7C328D5-20FE-4263-9494-E31899383B91}.Debug|Any CPU.Build.0 = Debug|Any CPU
		{D7C328D5-20FE-4263-9494-E31899383B91}.Release|Any CPU.ActiveCfg = Release|Any CPU
		{D7C328D5-20FE-4263-9494-E31899383B91}.Release|Any CPU.Build.0 = Release|Any CPU
	EndGlobalSection
	GlobalSection(SolutionProperties) = preSolution
		HideSolutionNode = FALSE
	EndGlobalSection
	GlobalSection(ExtensibilityGlobals) = postSolution
		SolutionGuid = {0789940F-2F05-48F2-B630-CEAB2D9579C1}
	EndGlobalSection
EndGlobal
